
Microsoft Visual Studio Solution File, Format Version 12.00
# Visual Studio Version 17
VisualStudioVersion = 17.8.34511.84
MinimumVisualStudioVersion = 10.0.40219.1
Project("{FAE04EC0-301F-11D3-BF4B-00C04F79EFBC}") = "mepartTestsProject", "mepartTestsProject\mepartTestsProject.csproj", "{1409B088-DFD9-4D92-ADAE-6FBC9BE4FDA2}"
EndProject
Global
	GlobalSection(SolutionConfigurationPlatforms) = preSolution
		Debug|Any CPU = Debug|Any CPU
		Release|Any CPU = Release|Any CPU
	EndGlobalSection
	GlobalSection(ProjectConfigurationPlatforms) = postSolution
		{1409B088-DFD9-4D92-ADAE-6FBC9BE4FDA2}.Debug|Any CPU.ActiveCfg = Debug|Any CPU
		{1409B088-DFD9-4D92-ADAE-6FBC9BE4FDA2}.Debug|Any CPU.Build.0 = Debug|Any CPU
		{1409B088-DFD9-4D92-ADAE-6FBC9BE4FDA2}.Release|Any CPU.ActiveCfg = Release|Any CPU
		{1409B088-DFD9-4D92-ADAE-6FBC9BE4FDA2}.Release|Any CPU.Build.0 = Release|Any CPU
	EndGlobalSection
	GlobalSection(SolutionProperties) = preSolution
		HideSolutionNode = FALSE
	EndGlobalSection
	GlobalSection(ExtensibilityGlobals) = postSolution
		SolutionGuid = {DDAD2DCC-E2CD-4B68-B781-E7D8A6B14F5E}
	EndGlobalSection
EndGlobal
